// !$*UTF8*$!
{
	archiveVersion = 1;
	classes = {
	};
	objectVersion = 46;
	objects = {

/* Begin PBXBuildFile section */
		34356C72E10AF4CB65CEAAAA /* libPods.a in Frameworks */ = {isa = PBXBuildFile; fileRef = 482B82308D4E194B213C21DC /* libPods.a */; };
		C84FA45B1C06ABF8002E4201 /* libSyCore.a in Frameworks */ = {isa = PBXBuildFile; fileRef = C84FA4581C06AB62002E4201 /* libSyCore.a */; settings = {ATTRIBUTES = (Required, ); }; };
		C86037A81C05A35D0035781C /* Foundation.framework in Frameworks */ = {isa = PBXBuildFile; fileRef = C86037A71C05A35D0035781C /* Foundation.framework */; };
		C8B38E641C0452C7009FD5BB /* main.m in Sources */ = {isa = PBXBuildFile; fileRef = C8B38E631C0452C7009FD5BB /* main.m */; };
		C8B38E671C0452C7009FD5BB /* AppDelegate.m in Sources */ = {isa = PBXBuildFile; fileRef = C8B38E661C0452C7009FD5BB /* AppDelegate.m */; };
		C8B38E6A1C0452C7009FD5BB /* ViewController.m in Sources */ = {isa = PBXBuildFile; fileRef = C8B38E691C0452C7009FD5BB /* ViewController.m */; };
		C8B38E6D1C0452C7009FD5BB /* Main.storyboard in Resources */ = {isa = PBXBuildFile; fileRef = C8B38E6B1C0452C7009FD5BB /* Main.storyboard */; };
		C8B38E6F1C0452C7009FD5BB /* Images.xcassets in Resources */ = {isa = PBXBuildFile; fileRef = C8B38E6E1C0452C7009FD5BB /* Images.xcassets */; };
		C8B38E721C0452C7009FD5BB /* LaunchScreen.xib in Resources */ = {isa = PBXBuildFile; fileRef = C8B38E701C0452C7009FD5BB /* LaunchScreen.xib */; };
		C8B38E7E1C0452C7009FD5BB /* testKJTests.m in Sources */ = {isa = PBXBuildFile; fileRef = C8B38E7D1C0452C7009FD5BB /* testKJTests.m */; };
		C8D6161A1C06B4E900A6EB79 /* libz.dylib in Frameworks */ = {isa = PBXBuildFile; fileRef = C8D616191C06B4E800A6EB79 /* libz.dylib */; };
		C8D6161E1C06B51800A6EB79 /* libsqlite3.0.dylib in Frameworks */ = {isa = PBXBuildFile; fileRef = C8D6161D1C06B51800A6EB79 /* libsqlite3.0.dylib */; };
/* End PBXBuildFile section */

/* Begin PBXContainerItemProxy section */
		C84FA4571C06AB62002E4201 /* PBXContainerItemProxy */ = {
			isa = PBXContainerItemProxy;
			containerPortal = C84FA4521C06AB61002E4201 /* SyCore.xcodeproj */;
			proxyType = 2;
			remoteGlobalIDString = 0485939519076C8100E51AFF;
			remoteInfo = SyCore;
		};
		C84FA4591C06AB62002E4201 /* PBXContainerItemProxy */ = {
			isa = PBXContainerItemProxy;
			containerPortal = C84FA4521C06AB61002E4201 /* SyCore.xcodeproj */;
			proxyType = 2;
			remoteGlobalIDString = 048593A519076C8100E51AFF;
			remoteInfo = SyCoreTests;
		};
		C8B38E781C0452C7009FD5BB /* PBXContainerItemProxy */ = {
			isa = PBXContainerItemProxy;
			containerPortal = C8B38E561C0452C6009FD5BB /* Project object */;
			proxyType = 1;
			remoteGlobalIDString = C8B38E5D1C0452C6009FD5BB;
			remoteInfo = testKJ;
		};
/* End PBXContainerItemProxy section */

/* Begin PBXFileReference section */
		482B82308D4E194B213C21DC /* libPods.a */ = {isa = PBXFileReference; explicitFileType = archive.ar; includeInIndex = 0; path = libPods.a; sourceTree = BUILT_PRODUCTS_DIR; };
		BDB0F2F150D0244658D75514 /* Pods.release.xcconfig */ = {isa = PBXFileReference; includeInIndex = 1; lastKnownFileType = text.xcconfig; name = Pods.release.xcconfig; path = "Pods/Target Support Files/Pods/Pods.release.xcconfig"; sourceTree = "<group>"; };
		C84FA4521C06AB61002E4201 /* SyCore.xcodeproj */ = {isa = PBXFileReference; lastKnownFileType = "wrapper.pb-project"; name = SyCore.xcodeproj; path = SyCore/SyCore.xcodeproj; sourceTree = SOURCE_ROOT; };
		C86037A71C05A35D0035781C /* Foundation.framework */ = {isa = PBXFileReference; lastKnownFileType = wrapper.framework; name = Foundation.framework; path = System/Library/Frameworks/Foundation.framework; sourceTree = SDKROOT; };
		C8B38E5E1C0452C6009FD5BB /* testKJ.app */ = {isa = PBXFileReference; explicitFileType = wrapper.application; includeInIndex = 0; path = testKJ.app; sourceTree = BUILT_PRODUCTS_DIR; };
		C8B38E621C0452C7009FD5BB /* Info.plist */ = {isa = PBXFileReference; lastKnownFileType = text.plist.xml; path = Info.plist; sourceTree = "<group>"; };
		C8B38E631C0452C7009FD5BB /* main.m */ = {isa = PBXFileReference; lastKnownFileType = sourcecode.c.objc; path = main.m; sourceTree = "<group>"; };
		C8B38E651C0452C7009FD5BB /* AppDelegate.h */ = {isa = PBXFileReference; lastKnownFileType = sourcecode.c.h; path = AppDelegate.h; sourceTree = "<group>"; };
		C8B38E661C0452C7009FD5BB /* AppDelegate.m */ = {isa = PBXFileReference; lastKnownFileType = sourcecode.c.objc; path = AppDelegate.m; sourceTree = "<group>"; };
		C8B38E681C0452C7009FD5BB /* ViewController.h */ = {isa = PBXFileReference; lastKnownFileType = sourcecode.c.h; path = ViewController.h; sourceTree = "<group>"; };
		C8B38E691C0452C7009FD5BB /* ViewController.m */ = {isa = PBXFileReference; lastKnownFileType = sourcecode.c.objc; path = ViewController.m; sourceTree = "<group>"; };
		C8B38E6C1C0452C7009FD5BB /* Base */ = {isa = PBXFileReference; lastKnownFileType = file.storyboard; name = Base; path = Base.lproj/Main.storyboard; sourceTree = "<group>"; };
		C8B38E6E1C0452C7009FD5BB /* Images.xcassets */ = {isa = PBXFileReference; lastKnownFileType = folder.assetcatalog; path = Images.xcassets; sourceTree = "<group>"; };
		C8B38E711C0452C7009FD5BB /* Base */ = {isa = PBXFileReference; lastKnownFileType = file.xib; name = Base; path = Base.lproj/LaunchScreen.xib; sourceTree = "<group>"; };
		C8B38E771C0452C7009FD5BB /* testKJTests.xctest */ = {isa = PBXFileReference; explicitFileType = wrapper.cfbundle; includeInIndex = 0; path = testKJTests.xctest; sourceTree = BUILT_PRODUCTS_DIR; };
		C8B38E7C1C0452C7009FD5BB /* Info.plist */ = {isa = PBXFileReference; lastKnownFileType = text.plist.xml; path = Info.plist; sourceTree = "<group>"; };
		C8B38E7D1C0452C7009FD5BB /* testKJTests.m */ = {isa = PBXFileReference; lastKnownFileType = sourcecode.c.objc; path = testKJTests.m; sourceTree = "<group>"; };
		C8D616191C06B4E800A6EB79 /* libz.dylib */ = {isa = PBXFileReference; lastKnownFileType = "compiled.mach-o.dylib"; name = libz.dylib; path = usr/lib/libz.dylib; sourceTree = SDKROOT; };
		C8D6161D1C06B51800A6EB79 /* libsqlite3.0.dylib */ = {isa = PBXFileReference; lastKnownFileType = "compiled.mach-o.dylib"; name = libsqlite3.0.dylib; path = usr/lib/libsqlite3.0.dylib; sourceTree = SDKROOT; };
		F692C196269F0ACC779D8665 /* Pods.debug.xcconfig */ = {isa = PBXFileReference; includeInIndex = 1; lastKnownFileType = text.xcconfig; name = Pods.debug.xcconfig; path = "Pods/Target Support Files/Pods/Pods.debug.xcconfig"; sourceTree = "<group>"; };
/* End PBXFileReference section */

/* Begin PBXFrameworksBuildPhase section */
		C8B38E5B1C0452C6009FD5BB /* Frameworks */ = {
			isa = PBXFrameworksBuildPhase;
			buildActionMask = 2147483647;
			files = (
				C8D6161E1C06B51800A6EB79 /* libsqlite3.0.dylib in Frameworks */,
				C8D6161A1C06B4E900A6EB79 /* libz.dylib in Frameworks */,
				C84FA45B1C06ABF8002E4201 /* libSyCore.a in Frameworks */,
				C86037A81C05A35D0035781C /* Foundation.framework in Frameworks */,
				34356C72E10AF4CB65CEAAAA /* libPods.a in Frameworks */,
			);
			runOnlyForDeploymentPostprocessing = 0;
		};
		C8B38E741C0452C7009FD5BB /* Frameworks */ = {
			isa = PBXFrameworksBuildPhase;
			buildActionMask = 2147483647;
			files = (
			);
			runOnlyForDeploymentPostprocessing = 0;
		};
/* End PBXFrameworksBuildPhase section */

/* Begin PBXGroup section */
		9D0A3E6E3BE2334021C3373E /* Frameworks */ = {
			isa = PBXGroup;
			children = (
				C8D6161D1C06B51800A6EB79 /* libsqlite3.0.dylib */,
				C8D616191C06B4E800A6EB79 /* libz.dylib */,
				C86037A71C05A35D0035781C /* Foundation.framework */,
				482B82308D4E194B213C21DC /* libPods.a */,
			);
			name = Frameworks;
			sourceTree = "<group>";
		};
		C84FA4141C06A8BB002E4201 /* Depandences */ = {
			isa = PBXGroup;
			children = (
				C84FA4521C06AB61002E4201 /* SyCore.xcodeproj */,
			);
			name = Depandences;
			sourceTree = "<group>";
		};
		C84FA4531C06AB61002E4201 /* Products */ = {
			isa = PBXGroup;
			children = (
				C84FA4581C06AB62002E4201 /* libSyCore.a */,
				C84FA45A1C06AB62002E4201 /* SyCoreTests.xctest */,
			);
			name = Products;
			sourceTree = "<group>";
		};
		C8B38E551C0452C6009FD5BB = {
			isa = PBXGroup;
			children = (
				C8B38E601C0452C6009FD5BB /* testKJ */,
				C8B38E7A1C0452C7009FD5BB /* testKJTests */,
				C8B38E5F1C0452C6009FD5BB /* Products */,
				D63270E3F667F109BD8CF5A3 /* Pods */,
				9D0A3E6E3BE2334021C3373E /* Frameworks */,
			);
			sourceTree = "<group>";
		};
		C8B38E5F1C0452C6009FD5BB /* Products */ = {
			isa = PBXGroup;
			children = (
				C8B38E5E1C0452C6009FD5BB /* testKJ.app */,
				C8B38E771C0452C7009FD5BB /* testKJTests.xctest */,
			);
			name = Products;
			sourceTree = "<group>";
		};
		C8B38E601C0452C6009FD5BB /* testKJ */ = {
			isa = PBXGroup;
			children = (
				C84FA4141C06A8BB002E4201 /* Depandences */,
				C8B38E651C0452C7009FD5BB /* AppDelegate.h */,
				C8B38E661C0452C7009FD5BB /* AppDelegate.m */,
				C8B38E681C0452C7009FD5BB /* ViewController.h */,
				C8B38E691C0452C7009FD5BB /* ViewController.m */,
				C8B38E6B1C0452C7009FD5BB /* Main.storyboard */,
				C8B38E6E1C0452C7009FD5BB /* Images.xcassets */,
				C8B38E701C0452C7009FD5BB /* LaunchScreen.xib */,
				C8B38E611C0452C7009FD5BB /* Supporting Files */,
			);
			path = testKJ;
			sourceTree = "<group>";
		};
		C8B38E611C0452C7009FD5BB /* Supporting Files */ = {
			isa = PBXGroup;
			children = (
				C8B38E621C0452C7009FD5BB /* Info.plist */,
				C8B38E631C0452C7009FD5BB /* main.m */,
			);
			name = "Supporting Files";
			sourceTree = "<group>";
		};
		C8B38E7A1C0452C7009FD5BB /* testKJTests */ = {
			isa = PBXGroup;
			children = (
				C8B38E7D1C0452C7009FD5BB /* testKJTests.m */,
				C8B38E7B1C0452C7009FD5BB /* Supporting Files */,
			);
			path = testKJTests;
			sourceTree = "<group>";
		};
		C8B38E7B1C0452C7009FD5BB /* Supporting Files */ = {
			isa = PBXGroup;
			children = (
				C8B38E7C1C0452C7009FD5BB /* Info.plist */,
			);
			name = "Supporting Files";
			sourceTree = "<group>";
		};
		D63270E3F667F109BD8CF5A3 /* Pods */ = {
			isa = PBXGroup;
			children = (
				F692C196269F0ACC779D8665 /* Pods.debug.xcconfig */,
				BDB0F2F150D0244658D75514 /* Pods.release.xcconfig */,
			);
			name = Pods;
			sourceTree = "<group>";
		};
/* End PBXGroup section */

/* Begin PBXNativeTarget section */
		C8B38E5D1C0452C6009FD5BB /* testKJ */ = {
			isa = PBXNativeTarget;
			buildConfigurationList = C8B38E811C0452C7009FD5BB /* Build configuration list for PBXNativeTarget "testKJ" */;
			buildPhases = (
				5987F16779ECE938599C02C3 /* Check Pods Manifest.lock */,
				C8B38E5A1C0452C6009FD5BB /* Sources */,
				C8B38E5B1C0452C6009FD5BB /* Frameworks */,
				C8B38E5C1C0452C6009FD5BB /* Resources */,
				EA1250626CA8964EB18E004D /* Copy Pods Resources */,
			);
			buildRules = (
			);
			dependencies = (
			);
			name = testKJ;
			productName = testKJ;
			productReference = C8B38E5E1C0452C6009FD5BB /* testKJ.app */;
			productType = "com.apple.product-type.application";
		};
		C8B38E761C0452C7009FD5BB /* testKJTests */ = {
			isa = PBXNativeTarget;
			buildConfigurationList = C8B38E841C0452C7009FD5BB /* Build configuration list for PBXNativeTarget "testKJTests" */;
			buildPhases = (
				C8B38E731C0452C7009FD5BB /* Sources */,
				C8B38E741C0452C7009FD5BB /* Frameworks */,
				C8B38E751C0452C7009FD5BB /* Resources */,
			);
			buildRules = (
			);
			dependencies = (
				C8B38E791C0452C7009FD5BB /* PBXTargetDependency */,
			);
			name = testKJTests;
			productName = testKJTests;
			productReference = C8B38E771C0452C7009FD5BB /* testKJTests.xctest */;
			productType = "com.apple.product-type.bundle.unit-test";
		};
/* End PBXNativeTarget section */

/* Begin PBXProject section */
		C8B38E561C0452C6009FD5BB /* Project object */ = {
			isa = PBXProject;
			attributes = {
				LastUpgradeCheck = 0640;
				ORGANIZATIONNAME = joinmore;
				TargetAttributes = {
					C8B38E5D1C0452C6009FD5BB = {
						CreatedOnToolsVersion = 6.4;
					};
					C8B38E761C0452C7009FD5BB = {
						CreatedOnToolsVersion = 6.4;
						TestTargetID = C8B38E5D1C0452C6009FD5BB;
					};
				};
			};
			buildConfigurationList = C8B38E591C0452C6009FD5BB /* Build configuration list for PBXProject "testKJ" */;
			compatibilityVersion = "Xcode 3.2";
			developmentRegion = English;
			hasScannedForEncodings = 0;
			knownRegions = (
				en,
				Base,
			);
			mainGroup = C8B38E551C0452C6009FD5BB;
			productRefGroup = C8B38E5F1C0452C6009FD5BB /* Products */;
			projectDirPath = "";
			projectReferences = (
				{
					ProductGroup = C84FA4531C06AB61002E4201 /* Products */;
					ProjectRef = C84FA4521C06AB61002E4201 /* SyCore.xcodeproj */;
				},
			);
			projectRoot = "";
			targets = (
				C8B38E5D1C0452C6009FD5BB /* testKJ */,
				C8B38E761C0452C7009FD5BB /* testKJTests */,
			);
		};
/* End PBXProject section */

/* Begin PBXReferenceProxy section */
		C84FA4581C06AB62002E4201 /* libSyCore.a */ = {
			isa = PBXReferenceProxy;
			fileType = archive.ar;
			path = libSyCore.a;
			remoteRef = C84FA4571C06AB62002E4201 /* PBXContainerItemProxy */;
			sourceTree = BUILT_PRODUCTS_DIR;
		};
		C84FA45A1C06AB62002E4201 /* SyCoreTests.xctest */ = {
			isa = PBXReferenceProxy;
			fileType = wrapper.cfbundle;
			path = SyCoreTests.xctest;
			remoteRef = C84FA4591C06AB62002E4201 /* PBXContainerItemProxy */;
			sourceTree = BUILT_PRODUCTS_DIR;
		};
/* End PBXReferenceProxy section */

/* Begin PBXResourcesBuildPhase section */
		C8B38E5C1C0452C6009FD5BB /* Resources */ = {
			isa = PBXResourcesBuildPhase;
			buildActionMask = 2147483647;
			files = (
				C8B38E6D1C0452C7009FD5BB /* Main.storyboard in Resources */,
				C8B38E721C0452C7009FD5BB /* LaunchScreen.xib in Resources */,
				C8B38E6F1C0452C7009FD5BB /* Images.xcassets in Resources */,
			);
			runOnlyForDeploymentPostprocessing = 0;
		};
		C8B38E751C0452C7009FD5BB /* Resources */ = {
			isa = PBXResourcesBuildPhase;
			buildActionMask = 2147483647;
			files = (
			);
			runOnlyForDeploymentPostprocessing = 0;
		};
/* End PBXResourcesBuildPhase section */

/* Begin PBXShellScriptBuildPhase section */
		5987F16779ECE938599C02C3 /* Check Pods Manifest.lock */ = {
			isa = PBXShellScriptBuildPhase;
			buildActionMask = 2147483647;
			files = (
			);
			inputPaths = (
			);
			name = "Check Pods Manifest.lock";
			outputPaths = (
			);
			runOnlyForDeploymentPostprocessing = 0;
			shellPath = /bin/sh;
			shellScript = "diff \"${PODS_ROOT}/../Podfile.lock\" \"${PODS_ROOT}/Manifest.lock\" > /dev/null\nif [[ $? != 0 ]] ; then\n    cat << EOM\nerror: The sandbox is not in sync with the Podfile.lock. Run 'pod install' or update your CocoaPods installation.\nEOM\n    exit 1\nfi\n";
			showEnvVarsInLog = 0;
		};
		EA1250626CA8964EB18E004D /* Copy Pods Resources */ = {
			isa = PBXShellScriptBuildPhase;
			buildActionMask = 2147483647;
			files = (
			);
			inputPaths = (
			);
			name = "Copy Pods Resources";
			outputPaths = (
			);
			runOnlyForDeploymentPostprocessing = 0;
			shellPath = /bin/sh;
			shellScript = "\"${SRCROOT}/Pods/Target Support Files/Pods/Pods-resources.sh\"\n";
			showEnvVarsInLog = 0;
		};
/* End PBXShellScriptBuildPhase section */

/* Begin PBXSourcesBuildPhase section */
		C8B38E5A1C0452C6009FD5BB /* Sources */ = {
			isa = PBXSourcesBuildPhase;
			buildActionMask = 2147483647;
			files = (
				C8B38E6A1C0452C7009FD5BB /* ViewController.m in Sources */,
				C8B38E671C0452C7009FD5BB /* AppDelegate.m in Sources */,
				C8B38E641C0452C7009FD5BB /* main.m in Sources */,
			);
			runOnlyForDeploymentPostprocessing = 0;
		};
		C8B38E731C0452C7009FD5BB /* Sources */ = {
			isa = PBXSourcesBuildPhase;
			buildActionMask = 2147483647;
			files = (
				C8B38E7E1C0452C7009FD5BB /* testKJTests.m in Sources */,
			);
			runOnlyForDeploymentPostprocessing = 0;
		};
/* End PBXSourcesBuildPhase section */

/* Begin PBXTargetDependency section */
		C8B38E791C0452C7009FD5BB /* PBXTargetDependency */ = {
			isa = PBXTargetDependency;
			target = C8B38E5D1C0452C6009FD5BB /* testKJ */;
			targetProxy = C8B38E781C0452C7009FD5BB /* PBXContainerItemProxy */;
		};
/* End PBXTargetDependency section */

/* Begin PBXVariantGroup section */
		C8B38E6B1C0452C7009FD5BB /* Main.storyboard */ = {
			isa = PBXVariantGroup;
			children = (
				C8B38E6C1C0452C7009FD5BB /* Base */,
			);
			name = Main.storyboard;
			sourceTree = "<group>";
		};
		C8B38E701C0452C7009FD5BB /* LaunchScreen.xib */ = {
			isa = PBXVariantGroup;
			children = (
				C8B38E711C0452C7009FD5BB /* Base */,
			);
			name = LaunchScreen.xib;
			sourceTree = "<group>";
		};
/* End PBXVariantGroup section */

/* Begin XCBuildConfiguration section */
		C8B38E7F1C0452C7009FD5BB /* Debug */ = {
			isa = XCBuildConfiguration;
			buildSettings = {
				ALWAYS_SEARCH_USER_PATHS = NO;
				CLANG_CXX_LANGUAGE_STANDARD = "gnu++0x";
				CLANG_CXX_LIBRARY = "libc++";
				CLANG_ENABLE_MODULES = YES;
				CLANG_ENABLE_OBJC_ARC = YES;
				CLANG_WARN_BOOL_CONVERSION = YES;
				CLANG_WARN_CONSTANT_CONVERSION = YES;
				CLANG_WARN_DIRECT_OBJC_ISA_USAGE = YES_ERROR;
				CLANG_WARN_EMPTY_BODY = YES;
				CLANG_WARN_ENUM_CONVERSION = YES;
				CLANG_WARN_INT_CONVERSION = YES;
				CLANG_WARN_OBJC_ROOT_CLASS = YES_ERROR;
				CLANG_WARN_UNREACHABLE_CODE = YES;
				CLANG_WARN__DUPLICATE_METHOD_MATCH = YES;
				"CODE_SIGN_IDENTITY[sdk=iphoneos*]" = "iPhone Developer";
				COPY_PHASE_STRIP = NO;
				DEBUG_INFORMATION_FORMAT = "dwarf-with-dsym";
				ENABLE_STRICT_OBJC_MSGSEND = YES;
				GCC_C_LANGUAGE_STANDARD = gnu99;
				GCC_DYNAMIC_NO_PIC = NO;
				GCC_NO_COMMON_BLOCKS = YES;
				GCC_OPTIMIZATION_LEVEL = 0;
				GCC_PREPROCESSOR_DEFINITIONS = (
					"DEBUG=1",
					"$(inherited)",
				);
				GCC_SYMBOLS_PRIVATE_EXTERN = NO;
				GCC_WARN_64_TO_32_BIT_CONVERSION = YES;
				GCC_WARN_ABOUT_RETURN_TYPE = YES_ERROR;
				GCC_WARN_UNDECLARED_SELECTOR = YES;
				GCC_WARN_UNINITIALIZED_AUTOS = YES_AGGRESSIVE;
				GCC_WARN_UNUSED_FUNCTION = YES;
				GCC_WARN_UNUSED_VARIABLE = YES;
				IPHONEOS_DEPLOYMENT_TARGET = 8.4;
				MTL_ENABLE_DEBUG_INFO = YES;
				ONLY_ACTIVE_ARCH = YES;
				SDKROOT = iphoneos;
			};
			name = Debug;
		};
		C8B38E801C0452C7009FD5BB /* Release */ = {
			isa = XCBuildConfiguration;
			buildSettings = {
				ALWAYS_SEARCH_USER_PATHS = NO;
				CLANG_CXX_LANGUAGE_STANDARD = "gnu++0x";
				CLANG_CXX_LIBRARY = "libc++";
				CLANG_ENABLE_MODULES = YES;
				CLANG_ENABLE_OBJC_ARC = YES;
				CLANG_WARN_BOOL_CONVERSION = YES;
				CLANG_WARN_CONSTANT_CONVERSION = YES;
				CLANG_WARN_DIRECT_OBJC_ISA_USAGE = YES_ERROR;
				CLANG_WARN_EMPTY_BODY = YES;
				CLANG_WARN_ENUM_CONVERSION = YES;
				CLANG_WARN_INT_CONVERSION = YES;
				CLANG_WARN_OBJC_ROOT_CLASS = YES_ERROR;
				CLANG_WARN_UNREACHABLE_CODE = YES;
				CLANG_WARN__DUPLICATE_METHOD_MATCH = YES;
				"CODE_SIGN_IDENTITY[sdk=iphoneos*]" = "iPhone Developer";
				COPY_PHASE_STRIP = NO;
				DEBUG_INFORMATION_FORMAT = "dwarf-with-dsym";
				ENABLE_NS_ASSERTIONS = NO;
				ENABLE_STRICT_OBJC_MSGSEND = YES;
				GCC_C_LANGUAGE_STANDARD = gnu99;
				GCC_NO_COMMON_BLOCKS = YES;
				GCC_WARN_64_TO_32_BIT_CONVERSION = YES;
				GCC_WARN_ABOUT_RETURN_TYPE = YES_ERROR;
				GCC_WARN_UNDECLARED_SELECTOR = YES;
				GCC_WARN_UNINITIALIZED_AUTOS = YES_AGGRESSIVE;
				GCC_WARN_UNUSED_FUNCTION = YES;
				GCC_WARN_UNUSED_VARIABLE = YES;
				IPHONEOS_DEPLOYMENT_TARGET = 8.4;
				MTL_ENABLE_DEBUG_INFO = NO;
				SDKROOT = iphoneos;
				VALIDATE_PRODUCT = YES;
			};
			name = Release;
		};
		C8B38E821C0452C7009FD5BB /* Debug */ = {
			isa = XCBuildConfiguration;
			baseConfigurationReference = F692C196269F0ACC779D8665 /* Pods.debug.xcconfig */;
			buildSettings = {
				ASSETCATALOG_COMPILER_APPICON_NAME = AppIcon;
				GCC_PRECOMPILE_PREFIX_HEADER = NO;
				GCC_PREFIX_HEADER = "${PODS_ROOT}/Headers/Jastor-Prefix.pch";
				HEADER_SEARCH_PATHS = (
					"$(inherited)",
					"\"${PODS_ROOT}/Headers/Public\"",
					"\"${PODS_ROOT}/Headers/Public/AFNetworking\"",
					"$(SRCROOT)/SyCore/SyCore/**",
					/Applications/Xcode.app/Contents/Developer/Toolchains/XcodeDefault.xctoolchain/usr/include,
				);
				INFOPLIST_FILE = testKJ/Info.plist;
				LD_RUNPATH_SEARCH_PATHS = "$(inherited) @executable_path/Frameworks";
				LIBRARY_SEARCH_PATHS = "$(SRCROOT)/SyCore/SyCore/**";
				PRODUCT_NAME = "$(TARGET_NAME)";
			};
			name = Debug;
		};
		C8B38E831C0452C7009FD5BB /* Release */ = {
			isa = XCBuildConfiguration;
			baseConfigurationReference = BDB0F2F150D0244658D75514 /* Pods.release.xcconfig */;
			buildSettings = {
				ASSETCATALOG_COMPILER_APPICON_NAME = AppIcon;
				GCC_PRECOMPILE_PREFIX_HEADER = NO;
				GCC_PREFIX_HEADER = "${PODS_ROOT}/Headers/Jastor-Prefix.pch";
				HEADER_SEARCH_PATHS = (
					"$(inherited)",
					"\"${PODS_ROOT}/Headers/Public\"",
					"\"${PODS_ROOT}/Headers/Public/AFNetworking\"",
					"$(SRCROOT)/SyCore/SyCore/**",
					/Applications/Xcode.app/Contents/Developer/Toolchains/XcodeDefault.xctoolchain/usr/include,
				);
				INFOPLIST_FILE = testKJ/Info.plist;
				LD_RUNPATH_SEARCH_PATHS = "$(inherited) @executable_path/Frameworks";
				LIBRARY_SEARCH_PATHS = "$(SRCROOT)/SyCore/SyCore/**";
				PRODUCT_NAME = "$(TARGET_NAME)";
			};
			name = Release;
		};
		C8B38E851C0452C7009FD5BB /* Debug */ = {
			isa = XCBuildConfiguration;
			buildSettings = {
				BUNDLE_LOADER = "$(TEST_HOST)";
				FRAMEWORK_SEARCH_PATHS = (
					"$(SDKROOT)/Developer/Library/Frameworks",
					"$(inherited)",
				);
				GCC_PREPROCESSOR_DEFINITIONS = (
					"DEBUG=1",
					"$(inherited)",
				);
				INFOPLIST_FILE = testKJTests/Info.plist;
				LD_RUNPATH_SEARCH_PATHS = "$(inherited) @executable_path/Frameworks @loader_path/Frameworks";
				PRODUCT_NAME = "$(TARGET_NAME)";
				TEST_HOST = "$(BUILT_PRODUCTS_DIR)/testKJ.app/testKJ";
			};
			name = Debug;
		};
		C8B38E861C0452C7009FD5BB /* Release */ = {
			isa = XCBuildConfiguration;
			buildSettings = {
				BUNDLE_LOADER = "$(TEST_HOST)";
				FRAMEWORK_SEARCH_PATHS = (
					"$(SDKROOT)/Developer/Library/Frameworks",
					"$(inherited)",
				);
				INFOPLIST_FILE = testKJTests/Info.plist;
				LD_RUNPATH_SEARCH_PATHS = "$(inherited) @executable_path/Frameworks @loader_path/Frameworks";
				PRODUCT_NAME = "$(TARGET_NAME)";
				TEST_HOST = "$(BUILT_PRODUCTS_DIR)/testKJ.app/testKJ";
			};
			name = Release;
		};
/* End XCBuildConfiguration section */

/* Begin XCConfigurationList section */
		C8B38E591C0452C6009FD5BB /* Build configuration list for PBXProject "testKJ" */ = {
			isa = XCConfigurationList;
			buildConfigurations = (
				C8B38E7F1C0452C7009FD5BB /* Debug */,
				C8B38E801C0452C7009FD5BB /* Release */,
			);
			defaultConfigurationIsVisible = 0;
			defaultConfigurationName = Release;
		};
		C8B38E811C0452C7009FD5BB /* Build configuration list for PBXNativeTarget "testKJ" */ = {
			isa = XCConfigurationList;
			buildConfigurations = (
				C8B38E821C0452C7009FD5BB /* Debug */,
				C8B38E831C0452C7009FD5BB /* Release */,
			);
			defaultConfigurationIsVisible = 0;
			defaultConfigurationName = Release;
		};
		C8B38E841C0452C7009FD5BB /* Build configuration list for PBXNativeTarget "testKJTests" */ = {
			isa = XCConfigurationList;
			buildConfigurations = (
				C8B38E851C0452C7009FD5BB /* Debug */,
				C8B38E861C0452C7009FD5BB /* Release */,
			);
			defaultConfigurationIsVisible = 0;
			defaultConfigurationName = Release;
		};
/* End XCConfigurationList section */
	};
	rootObject = C8B38E561C0452C6009FD5BB /* Project object */;
}
